
Microsoft Visual Studio Solution File, Format Version 12.00
# Visual Studio Version 16
VisualStudioVersion = 16.0.33214.272
MinimumVisualStudioVersion = 10.0.40219.1
Project("{FAE04EC0-301F-11D3-BF4B-00C04F79EFBC}") = "Class_Assignment", "Class_Assignment\Class_Assignment.csproj", "{7E6FBEC7-D9B0-4314-B6E6-5F283708B888}"
EndProject
Global
	GlobalSection(SolutionConfigurationPlatforms) = preSolution
		Debug|Any CPU = Debug|Any CPU
		Release|Any CPU = Release|Any CPU
	EndGlobalSection
	GlobalSection(ProjectConfigurationPlatforms) = postSolution
		{7E6FBEC7-D9B0-4314-B6E6-5F283708B888}.Debug|Any CPU.ActiveCfg = Debug|Any CPU
		{7E6FBEC7-D9B0-4314-B6E6-5F283708B888}.Debug|Any CPU.Build.0 = Debug|Any CPU
		{7E6FBEC7-D9B0-4314-B6E6-5F283708B888}.Release|Any CPU.ActiveCfg = Release|Any CPU
		{7E6FBEC7-D9B0-4314-B6E6-5F283708B888}.Release|Any CPU.Build.0 = Release|Any CPU
	EndGlobalSection
	GlobalSection(SolutionProperties) = preSolution
		HideSolutionNode = FALSE
	EndGlobalSection
	GlobalSection(ExtensibilityGlobals) = postSolution
		SolutionGuid = {724F2A00-790F-40E1-A61C-6F0026EC43BD}
	EndGlobalSection
EndGlobal
