
Microsoft Visual Studio Solution File, Format Version 12.00
# Visual Studio Version 16
VisualStudioVersion = 16.0.33214.272
MinimumVisualStudioVersion = 10.0.40219.1
Project("{FAE04EC0-301F-11D3-BF4B-00C04F79EFBC}") = "Console_App_Strings_Integer", "Console_App_Strings_Integer\Console_App_Strings_Integer.csproj", "{C32D37B9-E0BE-4595-8D29-9DC296BD3977}"
EndProject
Global
	GlobalSection(SolutionConfigurationPlatforms) = preSolution
		Debug|Any CPU = Debug|Any CPU
		Release|Any CPU = Release|Any CPU
	EndGlobalSection
	GlobalSection(ProjectConfigurationPlatforms) = postSolution
		{C32D37B9-E0BE-4595-8D29-9DC296BD3977}.Debug|Any CPU.ActiveCfg = Debug|Any CPU
		{C32D37B9-E0BE-4595-8D29-9DC296BD3977}.Debug|Any CPU.Build.0 = Debug|Any CPU
		{C32D37B9-E0BE-4595-8D29-9DC296BD3977}.Release|Any CPU.ActiveCfg = Release|Any CPU
		{C32D37B9-E0BE-4595-8D29-9DC296BD3977}.Release|Any CPU.Build.0 = Release|Any CPU
	EndGlobalSection
	GlobalSection(SolutionProperties) = preSolution
		HideSolutionNode = FALSE
	EndGlobalSection
	GlobalSection(ExtensibilityGlobals) = postSolution
		SolutionGuid = {2509C4BF-FA31-4E8B-91FF-93A4B0B74CE9}
	EndGlobalSection
EndGlobal
