
Microsoft Visual Studio Solution File, Format Version 12.00
# Visual Studio Version 16
VisualStudioVersion = 16.0.33214.272
MinimumVisualStudioVersion = 10.0.40219.1
Project("{FAE04EC0-301F-11D3-BF4B-00C04F79EFBC}") = "HelloWorld", "HelloWorld\HelloWorld.csproj", "{7BECC3E3-D308-482B-B396-8DF06808E8F9}"
EndProject
Global
	GlobalSection(SolutionConfigurationPlatforms) = preSolution
		Debug|Any CPU = Debug|Any CPU
		Release|Any CPU = Release|Any CPU
	EndGlobalSection
	GlobalSection(ProjectConfigurationPlatforms) = postSolution
		{7BECC3E3-D308-482B-B396-8DF06808E8F9}.Debug|Any CPU.ActiveCfg = Debug|Any CPU
		{7BECC3E3-D308-482B-B396-8DF06808E8F9}.Debug|Any CPU.Build.0 = Debug|Any CPU
		{7BECC3E3-D308-482B-B396-8DF06808E8F9}.Release|Any CPU.ActiveCfg = Release|Any CPU
		{7BECC3E3-D308-482B-B396-8DF06808E8F9}.Release|Any CPU.Build.0 = Release|Any CPU
	EndGlobalSection
	GlobalSection(SolutionProperties) = preSolution
		HideSolutionNode = FALSE
	EndGlobalSection
	GlobalSection(ExtensibilityGlobals) = postSolution
		SolutionGuid = {3EFDEE16-5B29-418F-884E-A5B01C142F5F}
	EndGlobalSection
EndGlobal
