
Microsoft Visual Studio Solution File, Format Version 12.00
# Visual Studio Version 16
VisualStudioVersion = 16.0.33214.272
MinimumVisualStudioVersion = 10.0.40219.1
Project("{FAE04EC0-301F-11D3-BF4B-00C04F79EFBC}") = "Iteration_Practice", "Iteration_Practice\Iteration_Practice.csproj", "{D4826D92-8C80-4589-9502-B488C95D3501}"
EndProject
Global
	GlobalSection(SolutionConfigurationPlatforms) = preSolution
		Debug|Any CPU = Debug|Any CPU
		Release|Any CPU = Release|Any CPU
	EndGlobalSection
	GlobalSection(ProjectConfigurationPlatforms) = postSolution
		{D4826D92-8C80-4589-9502-B488C95D3501}.Debug|Any CPU.ActiveCfg = Debug|Any CPU
		{D4826D92-8C80-4589-9502-B488C95D3501}.Debug|Any CPU.Build.0 = Debug|Any CPU
		{D4826D92-8C80-4589-9502-B488C95D3501}.Release|Any CPU.ActiveCfg = Release|Any CPU
		{D4826D92-8C80-4589-9502-B488C95D3501}.Release|Any CPU.Build.0 = Release|Any CPU
	EndGlobalSection
	GlobalSection(SolutionProperties) = preSolution
		HideSolutionNode = FALSE
	EndGlobalSection
	GlobalSection(ExtensibilityGlobals) = postSolution
		SolutionGuid = {89BF7974-5F57-4388-AFD0-14405615E118}
	EndGlobalSection
EndGlobal
