
Microsoft Visual Studio Solution File, Format Version 12.00
# Visual Studio Version 16
VisualStudioVersion = 16.0.33214.272
MinimumVisualStudioVersion = 10.0.40219.1
Project("{FAE04EC0-301F-11D3-BF4B-00C04F79EFBC}") = "Abstract_Class_Assignment", "Abstract_Class_Assignment\Abstract_Class_Assignment.csproj", "{92D9C10C-A9DC-4198-B504-6A2673256592}"
EndProject
Global
	GlobalSection(SolutionConfigurationPlatforms) = preSolution
		Debug|Any CPU = Debug|Any CPU
		Release|Any CPU = Release|Any CPU
	EndGlobalSection
	GlobalSection(ProjectConfigurationPlatforms) = postSolution
		{92D9C10C-A9DC-4198-B504-6A2673256592}.Debug|Any CPU.ActiveCfg = Debug|Any CPU
		{92D9C10C-A9DC-4198-B504-6A2673256592}.Debug|Any CPU.Build.0 = Debug|Any CPU
		{92D9C10C-A9DC-4198-B504-6A2673256592}.Release|Any CPU.ActiveCfg = Release|Any CPU
		{92D9C10C-A9DC-4198-B504-6A2673256592}.Release|Any CPU.Build.0 = Release|Any CPU
	EndGlobalSection
	GlobalSection(SolutionProperties) = preSolution
		HideSolutionNode = FALSE
	EndGlobalSection
	GlobalSection(ExtensibilityGlobals) = postSolution
		SolutionGuid = {F45EE426-6C5B-4B52-82EF-02EFEB1BECA6}
	EndGlobalSection
EndGlobal
