
Microsoft Visual Studio Solution File, Format Version 12.00
# Visual Studio Version 16
VisualStudioVersion = 16.0.33214.272
MinimumVisualStudioVersion = 10.0.40219.1
Project("{FAE04EC0-301F-11D3-BF4B-00C04F79EFBC}") = "Parsing_Enums_Assignment", "Parsing_Enums_Assignment\Parsing_Enums_Assignment.csproj", "{C39D79C1-78E2-492D-B361-86695BBAC7BA}"
EndProject
Global
	GlobalSection(SolutionConfigurationPlatforms) = preSolution
		Debug|Any CPU = Debug|Any CPU
		Release|Any CPU = Release|Any CPU
	EndGlobalSection
	GlobalSection(ProjectConfigurationPlatforms) = postSolution
		{C39D79C1-78E2-492D-B361-86695BBAC7BA}.Debug|Any CPU.ActiveCfg = Debug|Any CPU
		{C39D79C1-78E2-492D-B361-86695BBAC7BA}.Debug|Any CPU.Build.0 = Debug|Any CPU
		{C39D79C1-78E2-492D-B361-86695BBAC7BA}.Release|Any CPU.ActiveCfg = Release|Any CPU
		{C39D79C1-78E2-492D-B361-86695BBAC7BA}.Release|Any CPU.Build.0 = Release|Any CPU
	EndGlobalSection
	GlobalSection(SolutionProperties) = preSolution
		HideSolutionNode = FALSE
	EndGlobalSection
	GlobalSection(ExtensibilityGlobals) = postSolution
		SolutionGuid = {5CF8954D-6A15-40A2-A13A-563B828750C7}
	EndGlobalSection
EndGlobal
